# THIS IS AN AUTOGENERATED FILE. DO NOT EDIT THIS FILE DIRECTLY.
# yarn lockfile v1


"@cspotcode/source-map-support@^0.8.0":
  version "0.8.1"
  resolved "https://registry.yarnpkg.com/@cspotcode/source-map-support/-/source-map-support-0.8.1.tgz#00629c35a688e05a88b1cda684fb9d5e73f000a1"
  integrity sha512-IchNf6dN4tHoMFIn/7OE8LWZ19Y6q/67Bmf6vnGREv8RSbBVb9LPJxEcnwrcwX6ixSvaiGoomAUvu4YSxXrVgw==
  dependencies:
    "@jridgewell/trace-mapping" "0.3.9"

"@jridgewell/resolve-uri@^3.0.3":
  version "3.1.0"
  resolved "https://registry.yarnpkg.com/@jridgewell/resolve-uri/-/resolve-uri-3.1.0.tgz#2203b118c157721addfe69d47b70465463066d78"
  integrity sha512-F2msla3tad+Mfht5cJq7LSXcdudKTWCVYUgw6pLFOOHSTtZlj6SWNYAp+AhuqLmWdBO2X5hPrLcu8cVP8fy28w==

"@jridgewell/sourcemap-codec@^1.4.10":
  version "1.4.14"
  resolved "https://registry.yarnpkg.com/@jridgewell/sourcemap-codec/-/sourcemap-codec-1.4.14.tgz#add4c98d341472a289190b424efbdb096991bb24"
  integrity sha512-XPSJHWmi394fuUuzDnGz1wiKqWfo1yXecHQMRf2l6hztTO+nPru658AyDngaBe7isIxEkRsPR3FZh+s7iVa4Uw==

"@jridgewell/trace-mapping@0.3.9":
  version "0.3.9"
  resolved "https://registry.yarnpkg.com/@jridgewell/trace-mapping/-/trace-mapping-0.3.9.tgz#6534fd5933a53ba7cbf3a17615e273a0d1273ff9"
  integrity sha512-3Belt6tdc8bPgAtbcmdtNJlirVoTmEb5e2gC94PnkwEW9jI6CAHUeoG85tjWP5WquqfavoMtMwiG4P926ZKKuQ==
  dependencies:
    "@jridgewell/resolve-uri" "^3.0.3"
    "@jridgewell/sourcemap-codec" "^1.4.10"

"@nodelib/fs.scandir@2.1.3":
  version "2.1.3"
  resolved "https://registry.yarnpkg.com/@nodelib/fs.scandir/-/fs.scandir-2.1.3.tgz#3a582bdb53804c6ba6d146579c46e52130cf4a3b"
  integrity sha512-eGmwYQn3gxo4r7jdQnkrrN6bY478C3P+a/y72IJukF8LjB6ZHeB3c+Ehacj3sYeSmUXGlnA67/PmbM9CVwL7Dw==
  dependencies:
    "@nodelib/fs.stat" "2.0.3"
    run-parallel "^1.1.9"

"@nodelib/fs.stat@2.0.3", "@nodelib/fs.stat@^2.0.2":
  version "2.0.3"
  resolved "https://registry.yarnpkg.com/@nodelib/fs.stat/-/fs.stat-2.0.3.tgz#34dc5f4cabbc720f4e60f75a747e7ecd6c175bd3"
  integrity sha512-bQBFruR2TAwoevBEd/NWMoAAtNGzTRgdrqnYCc7dhzfoNvqPzLyqlEQnzZ3kVnNrSp25iyxE00/3h2fqGAGArA==

"@nodelib/fs.walk@^1.2.3":
  version "1.2.4"
  resolved "https://registry.yarnpkg.com/@nodelib/fs.walk/-/fs.walk-1.2.4.tgz#011b9202a70a6366e436ca5c065844528ab04976"
  integrity sha512-1V9XOY4rDW0rehzbrcqAmHnz8e7SKvX27gh8Gt2WgB0+pdzdiLV83p72kZPU+jvMbS1qU5mauP2iOvO8rhmurQ==
  dependencies:
    "@nodelib/fs.scandir" "2.1.3"
    fastq "^1.6.0"

"@thi.ng/adjacency@^2.5.55":
  version "2.5.55"
  resolved "https://registry.yarnpkg.com/@thi.ng/adjacency/-/adjacency-2.5.55.tgz#c6cd69f6c0f129510086c201b1a940d047057817"
  integrity sha512-i2syE9fJDl2g0nCbCaElYcwxeCEecDVNTD2uLR5KzruaMyAq71GtcLPsiOxNoBRjCxJhc5M4Z9Y37zSF5TlWTQ==
  dependencies:
    "@thi.ng/api" "^8.11.5"
    "@thi.ng/arrays" "^2.9.10"
    "@thi.ng/bitfield" "^2.3.45"
    "@thi.ng/dcons" "^3.2.117"
    "@thi.ng/errors" "^2.5.11"
    "@thi.ng/sparse" "^0.3.122"

"@thi.ng/api@^8.11.5":
  version "8.11.5"
  resolved "https://registry.yarnpkg.com/@thi.ng/api/-/api-8.11.5.tgz#c6cfa85174dfa627a211a535685f7d1a9c0e345e"
  integrity sha512-Q9tjW+RrVYwdMOW3T1CFltt7W2VYisvX9sFZfYBHKGn9LJWzk3JrnvU49SGMRaxv8fIPCMlAotSZ2OX1AfQy1Q==

"@thi.ng/arrays@^2.9.10":
  version "2.9.10"
  resolved "https://registry.yarnpkg.com/@thi.ng/arrays/-/arrays-2.9.10.tgz#a567d47b4a8847069d1879190e3772b85a7ab64b"
  integrity sha512-FFPy/Re6mGTJnReZUGsAtySs2r9qGfMzMrCiAQXwPQA5ef/7TSZne7Hk7TfPMUd1RLxlmYkl+/vS773OQJPxtQ==
  dependencies:
    "@thi.ng/api" "^8.11.5"
    "@thi.ng/checks" "^3.6.7"
    "@thi.ng/compare" "^2.3.8"
    "@thi.ng/equiv" "^2.1.61"
    "@thi.ng/errors" "^2.5.11"
    "@thi.ng/random" "^3.8.4"

"@thi.ng/associative@^6.3.64":
  version "6.3.64"
  resolved "https://registry.yarnpkg.com/@thi.ng/associative/-/associative-6.3.64.tgz#8b8d61a12cf1d1b20628608d32ec6af5c743a16d"
  integrity sha512-m3Tzr+kgxGs56ZNmL3qZrrXgCjymaD2nU49bV3K6GgjD6TX4cRWWH17Qm2YOeiYPfH/9vmkRhmQDSbcyBgIxQQ==
  dependencies:
    "@thi.ng/api" "^8.11.5"
    "@thi.ng/arrays" "^2.9.10"
    "@thi.ng/binary" "^3.4.28"
    "@thi.ng/checks" "^3.6.7"
    "@thi.ng/compare" "^2.3.8"
    "@thi.ng/dcons" "^3.2.117"
    "@thi.ng/equiv" "^2.1.61"
    "@thi.ng/errors" "^2.5.11"
    "@thi.ng/random" "^3.8.4"
    "@thi.ng/transducers" "^9.0.9"
    tslib "^2.6.3"

"@thi.ng/binary@^3.4.28":
  version "3.4.28"
  resolved "https://registry.yarnpkg.com/@thi.ng/binary/-/binary-3.4.28.tgz#562f7ca8bb956163157d854139e3855b063f30b7"
  integrity sha512-9RVFexVYJX25Dd1pd925Mi75W/8IYeBCL8TJcc8eYAdmyqobEJVRe+TMElNKWtd0uTZh3/xrPpXWi09zUQq45Q==
  dependencies:
    "@thi.ng/api" "^8.11.5"

"@thi.ng/bitfield@^2.3.45":
  version "2.3.45"
  resolved "https://registry.yarnpkg.com/@thi.ng/bitfield/-/bitfield-2.3.45.tgz#27ded54043385a720bc4a7b9546ba256c68a6129"
  integrity sha512-rs2vKbIguSnheieLyzDi1dxs1f7UBOz2J9diAM4Kenfna1NsGl/akB4d7iLEhICF38EK0TgkDXJpphN8HxUdeg==
  dependencies:
    "@thi.ng/api" "^8.11.5"
    "@thi.ng/binary" "^3.4.28"
    "@thi.ng/errors" "^2.5.11"
    "@thi.ng/strings" "^3.7.37"

"@thi.ng/checks@^3.6.7":
  version "3.6.7"
  resolved "https://registry.yarnpkg.com/@thi.ng/checks/-/checks-3.6.7.tgz#0d1d94c8396d6f0019f2ebb1feccd1d55d0802cc"
  integrity sha512-JbxB+/7qZk0YbcKWi5bE+ZV4ALt82InOpAHUCSUxQdVs4ynCmI5MAiO/NJVHbcWCMGXW8SC7xVxWu11ZET1C4g==
  dependencies:
    tslib "^2.6.3"

"@thi.ng/color@^5.6.49":
  version "5.6.49"
  resolved "https://registry.yarnpkg.com/@thi.ng/color/-/color-5.6.49.tgz#01316bf3aa9fe7a9c5c3d44cc97820a406bb43d3"
  integrity sha512-pHwj8WoTWUmwcDGKO/XnvkSkZY5KH5xqyzbdE1FxK9A/CwpNOOiVBFvzDTgMrnV0fMzqxzBpEUKvvfir64+1zQ==
  dependencies:
    "@thi.ng/api" "^8.11.5"
    "@thi.ng/arrays" "^2.9.10"
    "@thi.ng/binary" "^3.4.28"
    "@thi.ng/checks" "^3.6.7"
    "@thi.ng/compare" "^2.3.8"
    "@thi.ng/compose" "^3.0.8"
    "@thi.ng/defmulti" "^3.0.43"
    "@thi.ng/errors" "^2.5.11"
    "@thi.ng/math" "^5.11.3"
    "@thi.ng/random" "^3.8.4"
    "@thi.ng/strings" "^3.7.37"
    "@thi.ng/transducers" "^9.0.9"
    "@thi.ng/vectors" "^7.11.3"

"@thi.ng/compare@^2.3.8":
  version "2.3.8"
  resolved "https://registry.yarnpkg.com/@thi.ng/compare/-/compare-2.3.8.tgz#ffd989c36487d8811859fd0acbb32e91992ff2fe"
  integrity sha512-1chvS1rOGc0uFZJYatBHNPNAX32nQHm1nF1ZMK5wIOq/r2kA+u3Lg3/AiGkJ8wPDZIi3l6oxMjKkvDP9WIBLcA==
  dependencies:
    "@thi.ng/api" "^8.11.5"

"@thi.ng/compose@^3.0.8":
  version "3.0.8"
  resolved "https://registry.yarnpkg.com/@thi.ng/compose/-/compose-3.0.8.tgz#ef2cc4b6c10368614e33f5d060b4a8305ae4e031"
  integrity sha512-LPobsGpcWV5CyPNF9chBs1pCvYUywzHagWITk/hDmTNoC2Pk5ybDX/+FUwt6MgUZe7sgDCrfCc5EUPhx3CZ8+Q==
  dependencies:
    "@thi.ng/api" "^8.11.5"
    "@thi.ng/errors" "^2.5.11"

"@thi.ng/dcons@^3.2.117":
  version "3.2.117"
  resolved "https://registry.yarnpkg.com/@thi.ng/dcons/-/dcons-3.2.117.tgz#f8770a0dde257f1583888726398572bd5b8dac6c"
  integrity sha512-cyp8i55K0rRjjK10OTXM8+3bm8vyLSDcaIYt635YH0PAjtwFevHmstzDQDMpq73emEzYsqFBVpEcbvynXrjLvw==
  dependencies:
    "@thi.ng/api" "^8.11.5"
    "@thi.ng/checks" "^3.6.7"
    "@thi.ng/compare" "^2.3.8"
    "@thi.ng/equiv" "^2.1.61"
    "@thi.ng/errors" "^2.5.11"
    "@thi.ng/random" "^3.8.4"
    "@thi.ng/transducers" "^9.0.9"

"@thi.ng/defmulti@^3.0.43":
  version "3.0.43"
  resolved "https://registry.yarnpkg.com/@thi.ng/defmulti/-/defmulti-3.0.43.tgz#c103e63ddfdd6fda03b24d80ce892efdf2540d51"
  integrity sha512-o7D0aQHihNiwa+geX8P71+eintBXsfCQzot7Bznc9FAwYFS7vmkr5xTuM6Trq+cPXYWB0i/TPJeKZp6lqkDG4g==
  dependencies:
    "@thi.ng/api" "^8.11.5"
    "@thi.ng/errors" "^2.5.11"
    "@thi.ng/logger" "^3.0.15"

"@thi.ng/distance@^2.4.77":
  version "2.4.77"
  resolved "https://registry.yarnpkg.com/@thi.ng/distance/-/distance-2.4.77.tgz#de1e31c5169e3f41cc2568011218bf2d43ec2c3f"
  integrity sha512-6s5IRhWSWyiC+gNYY4RnXI0fOuojw0abSRsfD27bVYiQwar8E//Bg+zf+X5vP7obGYWq+slykTmoc16vwZNzog==
  dependencies:
    "@thi.ng/api" "^8.11.5"
    "@thi.ng/checks" "^3.6.7"
    "@thi.ng/errors" "^2.5.11"
    "@thi.ng/heaps" "^2.1.77"
    "@thi.ng/math" "^5.11.3"
    "@thi.ng/vectors" "^7.11.3"

"@thi.ng/equiv@^2.1.61":
  version "2.1.61"
  resolved "https://registry.yarnpkg.com/@thi.ng/equiv/-/equiv-2.1.61.tgz#f13ab9a24eac887b7f380e00da36c61fd43c289c"
  integrity sha512-8iydosYk6z59TKUQpGNWIHJ+PyI3fsxGgc4LrTjTMadxUEpaBp3D9aSeSvnjmccYhVz8b6VgoHRX9aGwrg/rxw==

"@thi.ng/errors@^2.5.11":
  version "2.5.11"
  resolved "https://registry.yarnpkg.com/@thi.ng/errors/-/errors-2.5.11.tgz#3394b3454f724735eae734dacbf1cda43dd2683e"
  integrity sha512-3UfAj5jelzTzALtgGFRoi/lIikeF8Ag1a1umKtehVd9OgGYrDnD0FcXvG6gdSqkKcDAvT7jI3i0Nt23Z1sA3CQ==

"@thi.ng/file-io@^2.1.6":
  version "2.1.6"
  resolved "https://registry.yarnpkg.com/@thi.ng/file-io/-/file-io-2.1.6.tgz#795e060bbb8184486854e47137879a05b0f17c3a"
  integrity sha512-Bn+oAi/K4bs+mzcxTDUm0+TLz1RF/jSmdhG4DT/TcrByseO/ePy7bP5EgQlAF2jbm4A07anNp+lUTaDnFjh2rQ==
  dependencies:
    "@thi.ng/api" "^8.11.5"
    "@thi.ng/checks" "^3.6.7"
    "@thi.ng/hex" "^2.3.49"
    "@thi.ng/logger" "^3.0.15"
    "@thi.ng/random" "^3.8.4"

"@thi.ng/geom-accel@^4.0.3":
  version "4.0.3"
  resolved "https://registry.yarnpkg.com/@thi.ng/geom-accel/-/geom-accel-4.0.3.tgz#52f289fd8efcb0e099a8895f2e4acaa2dc18dfbf"
  integrity sha512-0H5hqrHA21cMR4a/HUIuXI/FuvUUT7m6u+mL7KQSy6uDmj2YxKuAc7c8sqAf6qbdQ6oVkpnVa4ZuXOQuJ2cTDA==
  dependencies:
    "@thi.ng/api" "^8.11.5"
    "@thi.ng/arrays" "^2.9.10"
    "@thi.ng/checks" "^3.6.7"
    "@thi.ng/distance" "^2.4.77"
    "@thi.ng/equiv" "^2.1.61"
    "@thi.ng/errors" "^2.5.11"
    "@thi.ng/geom-isec" "^4.0.3"
    "@thi.ng/heaps" "^2.1.77"
    "@thi.ng/math" "^5.11.3"
    "@thi.ng/transducers" "^9.0.9"
    "@thi.ng/vectors" "^7.11.3"

"@thi.ng/geom-arc@^2.1.136":
  version "2.1.136"
  resolved "https://registry.yarnpkg.com/@thi.ng/geom-arc/-/geom-arc-2.1.136.tgz#c3d48722c22e81a69f08d74c7fb40cc4e8c3473a"
  integrity sha512-op5bgNDLCFdLKp6jQlGOdK/n8da2MVBHzo5S8waYdKd/sXWc13Zr+SA8Vcuexg9UqEwOSmND5AA4ybP54Q5MeQ==
  dependencies:
    "@thi.ng/checks" "^3.6.7"
    "@thi.ng/geom-resample" "^3.0.3"
    "@thi.ng/math" "^5.11.3"
    "@thi.ng/vectors" "^7.11.3"

"@thi.ng/geom-clip-line@^2.3.93":
  version "2.3.93"
  resolved "https://registry.yarnpkg.com/@thi.ng/geom-clip-line/-/geom-clip-line-2.3.93.tgz#961d3a4949e584ca4723154163b9d949e4f2bbf9"
  integrity sha512-wUFWSeowwWGU9dPRoZGKOUSBzXVudh3+agwBCYNEsVltF8i24wlqsi11W6CijvaKFo+vrM5suyDP+mTStYCP6g==
  dependencies:
    "@thi.ng/api" "^8.11.5"
    "@thi.ng/geom-isec" "^4.0.3"
    "@thi.ng/vectors" "^7.11.3"

"@thi.ng/geom-clip-poly@^2.1.135":
  version "2.1.135"
  resolved "https://registry.yarnpkg.com/@thi.ng/geom-clip-poly/-/geom-clip-poly-2.1.135.tgz#f8598d1adc8190be3c430aec4e3f4a7187bc6f09"
  integrity sha512-tad+CQpiez8RtUnt/tOhQaxWaWM0Zjxf0x8lh+5/Vhqr0ZiK+ZZD0L5oLIl9twUU1+RWRBvDvewxbppY2TewTA==
  dependencies:
    "@thi.ng/geom-isec" "^4.0.3"
    "@thi.ng/geom-poly-utils" "^3.0.3"
    "@thi.ng/math" "^5.11.3"
    "@thi.ng/vectors" "^7.11.3"

"@thi.ng/geom-closest-point@^2.1.131":
  version "2.1.131"
  resolved "https://registry.yarnpkg.com/@thi.ng/geom-closest-point/-/geom-closest-point-2.1.131.tgz#3fe06569c02bd79f770c4a802e5a501e9fbb5705"
  integrity sha512-nGBNRmuwReL50CYBQMmBc4UIdkQGmeoeVGCpzOLmijvYztXZEufoopY90xUNygFw0o3rnL5te9bc3IDFQVtSpA==
  dependencies:
    "@thi.ng/api" "^8.11.5"
    "@thi.ng/math" "^5.11.3"
    "@thi.ng/vectors" "^7.11.3"

"@thi.ng/geom-hull@^2.1.131":
  version "2.1.131"
  resolved "https://registry.yarnpkg.com/@thi.ng/geom-hull/-/geom-hull-2.1.131.tgz#b6abb19f040354da2e30e6197f0dacb3559c1be8"
  integrity sha512-/urfACSfmwHU4qcMc6iOIat0oLduwqEAnXLjwUJn0nXsJLjzI41o1S41UJ48nddVe/DFDIs/UAjDToQoOXOYUw==
  dependencies:
    "@thi.ng/math" "^5.11.3"
    "@thi.ng/vectors" "^7.11.3"

"@thi.ng/geom-isec@^4.0.3":
  version "4.0.3"
  resolved "https://registry.yarnpkg.com/@thi.ng/geom-isec/-/geom-isec-4.0.3.tgz#0bb9c71c511c8b57bd6bc75b73c732f64d9a70c0"
  integrity sha512-7uGe1X+bK51jtczwI16E5Gl2cIXAguKag6ByF0e0+VFV7ZVX70Av3a3s3KYIafewGYfg/l91W5/pbBqwNK5Pfw==
  dependencies:
    "@thi.ng/api" "^8.11.5"
    "@thi.ng/geom-closest-point" "^2.1.131"
    "@thi.ng/math" "^5.11.3"
    "@thi.ng/vectors" "^7.11.3"

"@thi.ng/geom-poly-utils@^3.0.3":
  version "3.0.3"
  resolved "https://registry.yarnpkg.com/@thi.ng/geom-poly-utils/-/geom-poly-utils-3.0.3.tgz#3121292e83071116bca6c0d967e01970f4a17553"
  integrity sha512-id6PsYd4p49gejxggnVwQ0jJnwKgG4h1jsIvSGO5MA75jD0QqJqZ2Ali0myiP8z31uIyWBp1kTUWgMCG/XknFQ==
  dependencies:
    "@thi.ng/api" "^8.11.5"
    "@thi.ng/errors" "^2.5.11"
    "@thi.ng/math" "^5.11.3"
    "@thi.ng/vectors" "^7.11.3"

"@thi.ng/geom-resample@^3.0.3":
  version "3.0.3"
  resolved "https://registry.yarnpkg.com/@thi.ng/geom-resample/-/geom-resample-3.0.3.tgz#01f3e70a45f988018e14433e5b5d5f38efe4f44b"
  integrity sha512-K2406l9V2mkgaojy70krJYeKt8yo2U7hHyBzWrHTdM9Rzyx4BJM4TnfOijCBxkIgmgw8Zw0HGZZJ370bcJogwg==
  dependencies:
    "@thi.ng/api" "^8.11.5"
    "@thi.ng/checks" "^3.6.7"
    "@thi.ng/geom-closest-point" "^2.1.131"
    "@thi.ng/geom-isec" "^4.0.3"
    "@thi.ng/math" "^5.11.3"
    "@thi.ng/vectors" "^7.11.3"

"@thi.ng/geom-splines@^2.3.3":
  version "2.3.3"
  resolved "https://registry.yarnpkg.com/@thi.ng/geom-splines/-/geom-splines-2.3.3.tgz#1f6d4eaf45c1bf11cef769305c4842a1abfe23b8"
  integrity sha512-oyplhY4NC8wZUC67219fk1i4oY6IKOYBszJX/WFnNMRr8IJHRWtWSEYZaZfx1fRvuAIR64KYGYMTNXtwIf4wMA==
  dependencies:
    "@thi.ng/api" "^8.11.5"
    "@thi.ng/checks" "^3.6.7"
    "@thi.ng/geom-arc" "^2.1.136"
    "@thi.ng/geom-resample" "^3.0.3"
    "@thi.ng/math" "^5.11.3"
    "@thi.ng/vectors" "^7.11.3"

"@thi.ng/geom-subdiv-curve@^3.0.3":
  version "3.0.3"
  resolved "https://registry.yarnpkg.com/@thi.ng/geom-subdiv-curve/-/geom-subdiv-curve-3.0.3.tgz#26b3a6b7fdb69472dffcbcab8152fe79074c95c9"
  integrity sha512-m4r/Ju8L497eA7u/9K33TtbAVw+iSLJFjxT01ysdw1gRS4tuRWBLaKSiTniIDr9ZJ8US22Wglu0wUMmmnaKLjQ==
  dependencies:
    "@thi.ng/transducers" "^9.0.9"
    "@thi.ng/vectors" "^7.11.3"

"@thi.ng/geom-tessellate@^3.0.3":
  version "3.0.3"
  resolved "https://registry.yarnpkg.com/@thi.ng/geom-tessellate/-/geom-tessellate-3.0.3.tgz#c15fb595b8b9a47a6164d6c85226894f80831416"
  integrity sha512-g+0mjG/G/SXSDXjOGeQmiAwbsHxXqdaq44CAFvPQv/avthy+CgqfElYd5cno75SYTcnIEBPIR5RJ39jRRefNdQ==
  dependencies:
    "@thi.ng/api" "^8.11.5"
    "@thi.ng/checks" "^3.6.7"
    "@thi.ng/geom-accel" "^4.0.3"
    "@thi.ng/geom-isec" "^4.0.3"
    "@thi.ng/geom-poly-utils" "^3.0.3"
    "@thi.ng/math" "^5.11.3"
    "@thi.ng/morton" "^3.1.90"
    "@thi.ng/transducers" "^9.0.9"
    "@thi.ng/vectors" "^7.11.3"

"@thi.ng/geom@^8.0.3":
  version "8.0.3"
  resolved "https://registry.yarnpkg.com/@thi.ng/geom/-/geom-8.0.3.tgz#cf36abf5d8638e7cd92ba96050d46d09910bf642"
  integrity sha512-+A4uxM4QNamsAbkpWGWFM08YLAJPiU221HB/lrZAMpf+BGimQQcttF5c1y4uP1mYNg2270xs299LCpNwPd6iZQ==
  dependencies:
    "@thi.ng/adjacency" "^2.5.55"
    "@thi.ng/api" "^8.11.5"
    "@thi.ng/arrays" "^2.9.10"
    "@thi.ng/associative" "^6.3.64"
    "@thi.ng/checks" "^3.6.7"
    "@thi.ng/defmulti" "^3.0.43"
    "@thi.ng/equiv" "^2.1.61"
    "@thi.ng/errors" "^2.5.11"
    "@thi.ng/geom-arc" "^2.1.136"
    "@thi.ng/geom-clip-line" "^2.3.93"
    "@thi.ng/geom-clip-poly" "^2.1.135"
    "@thi.ng/geom-closest-point" "^2.1.131"
    "@thi.ng/geom-hull" "^2.1.131"
    "@thi.ng/geom-isec" "^4.0.3"
    "@thi.ng/geom-poly-utils" "^3.0.3"
    "@thi.ng/geom-resample" "^3.0.3"
    "@thi.ng/geom-splines" "^2.3.3"
    "@thi.ng/geom-subdiv-curve" "^3.0.3"
    "@thi.ng/geom-tessellate" "^3.0.3"
    "@thi.ng/hiccup" "^5.2.5"
    "@thi.ng/hiccup-svg" "^5.3.3"
    "@thi.ng/math" "^5.11.3"
    "@thi.ng/matrices" "^2.4.3"
    "@thi.ng/random" "^3.8.4"
    "@thi.ng/strings" "^3.7.37"
    "@thi.ng/transducers" "^9.0.9"
    "@thi.ng/vectors" "^7.11.3"

"@thi.ng/heaps@^2.1.77":
  version "2.1.77"
  resolved "https://registry.yarnpkg.com/@thi.ng/heaps/-/heaps-2.1.77.tgz#17f718263b483a0cee80edd1b17c25c4932ade9f"
  integrity sha512-28iiA1cjvrtCuZCNiKfHBS6TGn1pigeFtH2IuK7bOtQ+O7D1js9gn7lez17XFmIXPgoYQDM8DcaiMNdc52tu0w==
  dependencies:
    "@thi.ng/api" "^8.11.5"
    "@thi.ng/compare" "^2.3.8"
    "@thi.ng/equiv" "^2.1.61"

"@thi.ng/hex@^2.3.49":
  version "2.3.49"
  resolved "https://registry.yarnpkg.com/@thi.ng/hex/-/hex-2.3.49.tgz#20e07d8bd6bdea423406568cb8bee3fde4c5a1ba"
  integrity sha512-TwywG5hl+dwBkoFW1MXQbaE+e0j/GNwQqp7mNBTHkG7MGWgdzfVmKItIVHedeqGGpLCaXyZ8mog1Ua4CbjZfTw==

"@thi.ng/hiccup-svg@^5.3.3":
  version "5.3.3"
  resolved "https://registry.yarnpkg.com/@thi.ng/hiccup-svg/-/hiccup-svg-5.3.3.tgz#382f869f851cb35284dd4838aadfe2f1dc4be512"
  integrity sha512-tQAAROSKcUspu/zcFc8ck2Id0X2Ii34qJIfIik+PC0plAkMWFCO6/4QT5u5MI1ykvHmqzVl4iLGxtEjAmfPiPw==
  dependencies:
    "@thi.ng/api" "^8.11.5"
    "@thi.ng/checks" "^3.6.7"
    "@thi.ng/color" "^5.6.49"
    "@thi.ng/prefixes" "^2.3.22"

"@thi.ng/hiccup@^5.2.5":
  version "5.2.5"
  resolved "https://registry.yarnpkg.com/@thi.ng/hiccup/-/hiccup-5.2.5.tgz#0ec6a6294b7c734f0bfad90fe9ef6fc0fc79a932"
  integrity sha512-P8OXv5a+XrFK7FkaWZ37vnRMCau0cSV6VesH6XiVRtZflvUOqGsebb7nuhTEE8MV9PBXpntwqXfrs9Koha+p4A==
  dependencies:
    "@thi.ng/api" "^8.11.5"
    "@thi.ng/checks" "^3.6.7"
    "@thi.ng/errors" "^2.5.11"
    "@thi.ng/strings" "^3.7.37"

"@thi.ng/logger@^3.0.15":
  version "3.0.15"
  resolved "https://registry.yarnpkg.com/@thi.ng/logger/-/logger-3.0.15.tgz#e23bae544cc9c5639cbb6e7c3b1e9726a91fc636"
  integrity sha512-r4Y85cQFsvNoN5La4kOiDExLilch2ekVQF1J0o3Hr5Nkqu2fc1h7Di2QklxMMhPN+1soiYgrhUhighH+k7trMQ==

"@thi.ng/math@^5.11.3":
  version "5.11.3"
  resolved "https://registry.yarnpkg.com/@thi.ng/math/-/math-5.11.3.tgz#85387f1b89f06b9d4dbe379118a853dee79b3b08"
  integrity sha512-SQSkG1htYwxjZAlHBBitSIc15Cm2C0B85IdH6RwfbcLoIS6lA9ulPwBqki+qWHYsCGXHRqGvnEGLFWSRlhyTOQ==
  dependencies:
    "@thi.ng/api" "^8.11.5"

"@thi.ng/matrices@^2.4.3":
  version "2.4.3"
  resolved "https://registry.yarnpkg.com/@thi.ng/matrices/-/matrices-2.4.3.tgz#bd12e0ed829f97d00a75b98824ab8fee19418132"
  integrity sha512-vWv5NEC5kG8vGrN4msCpv8HVkls1U638N3YgUOfc6phWK4zVw/Pa92R0itJYv1969MzLzwv8BkCGujvylNgGiQ==
  dependencies:
    "@thi.ng/api" "^8.11.5"
    "@thi.ng/checks" "^3.6.7"
    "@thi.ng/math" "^5.11.3"
    "@thi.ng/vectors" "^7.11.3"

"@thi.ng/memoize@^3.3.7":
  version "3.3.7"
  resolved "https://registry.yarnpkg.com/@thi.ng/memoize/-/memoize-3.3.7.tgz#bd5c848d39102ba8cd83674bf41574ab6bcea3f0"
  integrity sha512-xWmZNxoa/YjuJ/sZ7qBSfKL9bEr1xaxR8Th35wxuDFWGWa4M+R/2yalk5X596C1mHBYA0sKjMzKRdlGp34bHzA==
  dependencies:
    "@thi.ng/api" "^8.11.5"

"@thi.ng/morton@^3.1.90":
  version "3.1.90"
  resolved "https://registry.yarnpkg.com/@thi.ng/morton/-/morton-3.1.90.tgz#7a56482bbb67a91b444837ed0b4f58b0e1c56f53"
  integrity sha512-bL3wp1GcfM/HNq0L5e7LQZ8Yo3rjtRJKbz5RKMIi1CI8s+I0tV1UrYFaLCzdC09j5e9IaKTjpwE0rFPWPj/XqA==
  dependencies:
    "@thi.ng/api" "^8.11.5"
    "@thi.ng/binary" "^3.4.28"
    "@thi.ng/errors" "^2.5.11"
    "@thi.ng/math" "^5.11.3"

"@thi.ng/prefixes@^2.3.22":
  version "2.3.22"
  resolved "https://registry.yarnpkg.com/@thi.ng/prefixes/-/prefixes-2.3.22.tgz#65ee1ce182ea9f0ac3ffa61d145e6b8a3a04d97e"
  integrity sha512-yJsnzyE46dyVasaPMFXQf9XLxof3uFX6nqf0zG1UHpB7bBCmP0vj7T7m76NeohGSOxlKCoIyAdnTCyMEBmFDrw==

"@thi.ng/random@^3.8.4":
  version "3.8.4"
  resolved "https://registry.yarnpkg.com/@thi.ng/random/-/random-3.8.4.tgz#53975694d59cd3bb8d899faba5d5804fe71b7451"
  integrity sha512-gRPC9kzI6/MohfFscnGjGWwaKwRdprlmXFF4SuWzuqwDjk27+EYGNqXLDDuHbtl7nJn98IzRkLY4jNkPMwohqQ==
  dependencies:
    "@thi.ng/api" "^8.11.5"
    "@thi.ng/checks" "^3.6.7"
    "@thi.ng/errors" "^2.5.11"
    "@thi.ng/hex" "^2.3.49"

"@thi.ng/sparse@^0.3.122":
  version "0.3.122"
  resolved "https://registry.yarnpkg.com/@thi.ng/sparse/-/sparse-0.3.122.tgz#cd577f4179ff7f614807143aea1e5fce0c5caad1"
  integrity sha512-wuIZCJV+dB4aOjihlD3JruNYmLco8h1mEiyhe9jT3oEUFXZAMAM2XQYUVlWkVc12ALLp9TkGBtgddJM2/PjJhA==
  dependencies:
    "@thi.ng/api" "^8.11.5"
    "@thi.ng/errors" "^2.5.11"
    "@thi.ng/transducers" "^9.0.9"

"@thi.ng/strings@^3.7.37":
  version "3.7.37"
  resolved "https://registry.yarnpkg.com/@thi.ng/strings/-/strings-3.7.37.tgz#857ac3cf04168bcc957c1a24ec4b020c0d918cb5"
  integrity sha512-26R8/RknfedycFGS6NZOe6S2EkseqGfgQRFurNS5/092vcmyCpqK1xzAB8it/VZIq3Gn8ER1rocon5sJno421Q==
  dependencies:
    "@thi.ng/api" "^8.11.5"
    "@thi.ng/errors" "^2.5.11"
    "@thi.ng/hex" "^2.3.49"
    "@thi.ng/memoize" "^3.3.7"

"@thi.ng/transducers@^9.0.9":
  version "9.0.9"
  resolved "https://registry.yarnpkg.com/@thi.ng/transducers/-/transducers-9.0.9.tgz#6d01f6b322aa90a7f283cc314fffae10353cd4f8"
  integrity sha512-tSx3i6+CM25WA70yDKlDUPnkPhSjKn6G5fXidbRx3wN481NyIlUgepACMRsTI9LxLkIf86mEGi1xG6Lv+RbSpA==
  dependencies:
    "@thi.ng/api" "^8.11.5"
    "@thi.ng/arrays" "^2.9.10"
    "@thi.ng/checks" "^3.6.7"
    "@thi.ng/compare" "^2.3.8"
    "@thi.ng/compose" "^3.0.8"
    "@thi.ng/errors" "^2.5.11"
    "@thi.ng/math" "^5.11.3"
    "@thi.ng/random" "^3.8.4"

"@thi.ng/vectors@^7.11.3":
  version "7.11.3"
  resolved "https://registry.yarnpkg.com/@thi.ng/vectors/-/vectors-7.11.3.tgz#efe502f08f5beb247432d342f21e6d1f1a3e0388"
  integrity sha512-9k7qXR2vFX+ntq2z58hysANK/XDs3cXdwrU92YgQIgGLuBWqNN2XJpNw4J2LtZpeqAEN0U1uJi88Gcj3N0tCiw==
  dependencies:
    "@thi.ng/api" "^8.11.5"
    "@thi.ng/binary" "^3.4.28"
    "@thi.ng/checks" "^3.6.7"
    "@thi.ng/equiv" "^2.1.61"
    "@thi.ng/errors" "^2.5.11"
    "@thi.ng/math" "^5.11.3"
    "@thi.ng/memoize" "^3.3.7"
    "@thi.ng/random" "^3.8.4"
    "@thi.ng/strings" "^3.7.37"
    "@thi.ng/transducers" "^9.0.9"

"@tsconfig/node10@^1.0.7":
  version "1.0.9"
  resolved "https://registry.yarnpkg.com/@tsconfig/node10/-/node10-1.0.9.tgz#df4907fc07a886922637b15e02d4cebc4c0021b2"
  integrity sha512-jNsYVVxU8v5g43Erja32laIDHXeoNvFEpX33OK4d6hljo3jDhCBDhx5dhCCTMWUojscpAagGiRkBKxpdl9fxqA==

"@tsconfig/node12@^1.0.7":
  version "1.0.11"
  resolved "https://registry.yarnpkg.com/@tsconfig/node12/-/node12-1.0.11.tgz#ee3def1f27d9ed66dac6e46a295cffb0152e058d"
  integrity sha512-cqefuRsh12pWyGsIoBKJA9luFu3mRxCA+ORZvA4ktLSzIuCUtWVxGIuXigEwO5/ywWFMZ2QEGKWvkZG1zDMTag==

"@tsconfig/node14@^1.0.0":
  version "1.0.3"
  resolved "https://registry.yarnpkg.com/@tsconfig/node14/-/node14-1.0.3.tgz#e4386316284f00b98435bf40f72f75a09dabf6c1"
  integrity sha512-ysT8mhdixWK6Hw3i1V2AeRqZ5WfXg1G43mqoYlM2nc6388Fq5jcXyr5mRsqViLx/GJYdoL0bfXD8nmF+Zn/Iow==

"@tsconfig/node16@^1.0.2":
  version "1.0.3"
  resolved "https://registry.yarnpkg.com/@tsconfig/node16/-/node16-1.0.3.tgz#472eaab5f15c1ffdd7f8628bd4c4f753995ec79e"
  integrity sha512-yOlFc+7UtL/89t2ZhjPvvB/DeAr3r+Dq58IgzsFkOAvVC6NMJXmCGjbptdXdR9qsX7pKcTL+s87FtYREi2dEEQ==

"@types/node@^20.14.10":
  version "20.14.10"
  resolved "https://registry.yarnpkg.com/@types/node/-/node-20.14.10.tgz#a1a218290f1b6428682e3af044785e5874db469a"
  integrity sha512-MdiXf+nDuMvY0gJKxyfZ7/6UFsETO7mGKF54MVD/ekJS6HdFtpZFBgrh6Pseu64XTb2MLyFPlbW6hj8HYRQNOQ==
  dependencies:
    undici-types "~5.26.4"

"@types/opentype.js@1.3.8":
  version "1.3.8"
  resolved "https://registry.yarnpkg.com/@types/opentype.js/-/opentype.js-1.3.8.tgz#741be92429d1c2d64b5fa79cf692f74b49d6007f"
  integrity sha512-H6qeTp03jrknklSn4bpT1/9+1xCAEIU2CnjcWPkicJy8A1SKuthanbvoHYMiv79/2W3Xn1XE4gfSJFzt2U3JSw==

acorn-walk@^8.1.1:
  version "8.2.0"
  resolved "https://registry.yarnpkg.com/acorn-walk/-/acorn-walk-8.2.0.tgz#741210f2e2426454508853a2f44d0ab83b7f69c1"
  integrity sha512-k+iyHEuPgSw6SbuDpGQM+06HQUa04DZ3o+F6CSzXMvvI5KMvnaEqXe+YVe555R9nn6GPt404fos4wcgpw12SDA==

acorn@^8.4.1:
  version "8.8.0"
  resolved "https://registry.yarnpkg.com/acorn/-/acorn-8.8.0.tgz#88c0187620435c7f6015803f5539dae05a9dbea8"
  integrity sha512-QOxyigPVrpZ2GXT+PFyZTl6TtOFc5egxHIP9IlQ+RbupQuX4RkT/Bee4/kQuC02Xkzg84JcT7oLYtDIQxp+v7w==

arg@^4.1.0:
  version "4.1.2"
  resolved "https://registry.yarnpkg.com/arg/-/arg-4.1.2.tgz#e70c90579e02c63d80e3ad4e31d8bfdb8bd50064"
  integrity sha512-+ytCkGcBtHZ3V2r2Z06AncYO8jz46UEamcspGoU8lHcEbpn6J77QK0vdWvChsclg/tM5XIJC5tnjmPp7Eq6Obg==

braces@^3.0.2:
  version "3.0.2"
  resolved "https://registry.yarnpkg.com/braces/-/braces-3.0.2.tgz#3454e1a462ee8d599e236df336cd9ea4f8afe107"
  integrity sha512-b8um+L1RzM3WDSzvhm6gIz1yfTbBt6YTlcEKAvsmqCZZFw46z626lVj9j1yEPW33H5H+lBQpZMP1k8l+78Ha0A==
  dependencies:
    fill-range "^7.0.1"

create-require@^1.1.0:
  version "1.1.1"
  resolved "https://registry.yarnpkg.com/create-require/-/create-require-1.1.1.tgz#c1d7e8f1e5f6cfc9ff65f9cd352d37348756c333"
  integrity sha512-dcKFX3jn0MpIaXjisoRvexIJVEKzaq7z2rZKxf+MSr9TkdmHmsU4m2lcLojrj/FHl8mk5VxMmYA+ftRkP/3oKQ==

diff@^4.0.1:
  version "4.0.2"
  resolved "https://registry.yarnpkg.com/diff/-/diff-4.0.2.tgz#60f3aecb89d5fae520c11aa19efc2bb982aade7d"
  integrity sha512-58lmxKSA4BNyLz+HHMUzlOEpg09FV+ev6ZMe3vJihgdxzgcwZ8VoEEPmALCZG9LmqfVoNMMKpttIYTVG6uDY7A==

fast-glob@^3.3.2:
  version "3.3.2"
  resolved "https://registry.yarnpkg.com/fast-glob/-/fast-glob-3.3.2.tgz#a904501e57cfdd2ffcded45e99a54fef55e46129"
  integrity sha512-oX2ruAFQwf/Orj8m737Y5adxDQO0LAB7/S5MnxCdTNDd4p6BsyIVsv9JQsATbTSq8KHRpLwIHbVlUNatxd+1Ow==
  dependencies:
    "@nodelib/fs.stat" "^2.0.2"
    "@nodelib/fs.walk" "^1.2.3"
    glob-parent "^5.1.2"
    merge2 "^1.3.0"
    micromatch "^4.0.4"

fastq@^1.6.0:
  version "1.6.0"
  resolved "https://registry.yarnpkg.com/fastq/-/fastq-1.6.0.tgz#4ec8a38f4ac25f21492673adb7eae9cfef47d1c2"
  integrity sha512-jmxqQ3Z/nXoeyDmWAzF9kH1aGZSis6e/SbfPmJpUnyZ0ogr6iscHQaml4wsEepEWSdtmpy+eVXmCRIMpxaXqOA==
  dependencies:
    reusify "^1.0.0"

fill-range@^7.0.1:
  version "7.0.1"
  resolved "https://registry.yarnpkg.com/fill-range/-/fill-range-7.0.1.tgz#1919a6a7c75fe38b2c7c77e5198535da9acdda40"
  integrity sha512-qOo9F+dMUmC2Lcb4BbVvnKJxTPjCm+RRpe4gDuGrzkL7mEVl/djYSu2OdQ2Pa302N4oqkSg9ir6jaLWJ2USVpQ==
  dependencies:
    to-regex-range "^5.0.1"

glob-parent@^5.1.2:
  version "5.1.2"
  resolved "https://registry.yarnpkg.com/glob-parent/-/glob-parent-5.1.2.tgz#869832c58034fe68a4093c17dc15e8340d8401c4"
  integrity sha512-AOIgSQCepiJYwP3ARnGx+5VnTu2HBYdzbGP45eLw1vr3zB3vZLeyed1sC9hnbcOc9/SrMyM5RPQrkGz4aS9Zow==
  dependencies:
    is-glob "^4.0.1"

is-extglob@^2.1.1:
  version "2.1.1"
  resolved "https://registry.yarnpkg.com/is-extglob/-/is-extglob-2.1.1.tgz#a88c02535791f02ed37c76a1b9ea9773c833f8c2"
  integrity sha1-qIwCU1eR8C7TfHahueqXc8gz+MI=

is-glob@^4.0.1:
  version "4.0.1"
  resolved "https://registry.yarnpkg.com/is-glob/-/is-glob-4.0.1.tgz#7567dbe9f2f5e2467bc77ab83c4a29482407a5dc"
  integrity sha512-5G0tKtBTFImOqDnLB2hG6Bp2qcKEFduo4tZu9MT/H6NQv/ghhy30o55ufafxJ/LdH79LLs2Kfrn85TLKyA7BUg==
  dependencies:
    is-extglob "^2.1.1"

is-number@^7.0.0:
  version "7.0.0"
  resolved "https://registry.yarnpkg.com/is-number/-/is-number-7.0.0.tgz#7535345b896734d5f80c4d06c50955527a14f12b"
  integrity sha512-41Cifkg6e8TylSpdtTpeLVMqvSBEVzTttHvERD741+pnZ8ANv0004MRL43QKPDlK9cGvNp6NZWZUBlbGXYxxng==

make-error@^1.1.1:
  version "1.3.5"
  resolved "https://registry.yarnpkg.com/make-error/-/make-error-1.3.5.tgz#efe4e81f6db28cadd605c70f29c831b58ef776c8"
  integrity sha512-c3sIjNUow0+8swNwVpqoH4YCShKNFkMaw6oH1mNS2haDZQqkeZFlHS3dhoeEbKKmJB4vXpJucU6oH75aDYeE9g==

merge2@^1.3.0:
  version "1.3.0"
  resolved "https://registry.yarnpkg.com/merge2/-/merge2-1.3.0.tgz#5b366ee83b2f1582c48f87e47cf1a9352103ca81"
  integrity sha512-2j4DAdlBOkiSZIsaXk4mTE3sRS02yBHAtfy127xRV3bQUFqXkjHCHLW6Scv7DwNRbIWNHH8zpnz9zMaKXIdvYw==

micromatch@^4.0.4:
  version "4.0.5"
  resolved "https://registry.yarnpkg.com/micromatch/-/micromatch-4.0.5.tgz#bc8999a7cbbf77cdc89f132f6e467051b49090c6"
  integrity sha512-DMy+ERcEW2q8Z2Po+WNXuw3c5YaUSFjAO5GsJqfEl7UjvtIuFKO6ZrKvcItdy98dwFI2N1tg3zNIdKaQT+aNdA==
  dependencies:
    braces "^3.0.2"
    picomatch "^2.3.1"

opentype.js@^1.3.4:
  version "1.3.4"
  resolved "https://registry.yarnpkg.com/opentype.js/-/opentype.js-1.3.4.tgz#1c0e72e46288473cc4a4c6a2dc60fd7fe6020d77"
  integrity sha512-d2JE9RP/6uagpQAVtJoF0pJJA/fgai89Cc50Yp0EJHk+eLp6QQ7gBoblsnubRULNY132I0J1QKMJ+JTbMqz4sw==
  dependencies:
    string.prototype.codepointat "^0.2.1"
    tiny-inflate "^1.0.3"

picomatch@^2.3.1:
  version "2.3.1"
  resolved "https://registry.yarnpkg.com/picomatch/-/picomatch-2.3.1.tgz#3ba3833733646d9d3e4995946c1365a67fb07a42"
  integrity sha512-JU3teHTNjmE2VCGFzuY8EXzCDVwEqB2a8fsIvwaStHhAWJEeVd1o1QD80CU6+ZdEXXSLbSsuLwJjkCBWqRQUVA==

reusify@^1.0.0:
  version "1.0.4"
  resolved "https://registry.yarnpkg.com/reusify/-/reusify-1.0.4.tgz#90da382b1e126efc02146e90845a88db12925d76"
  integrity sha512-U9nH88a3fc/ekCF1l0/UP1IosiuIjyTh7hBvXVMHYgVcfGvt897Xguj2UOLDeI5BG2m7/uwyaLVT6fbtCwTyzw==

run-parallel@^1.1.9:
  version "1.1.9"
  resolved "https://registry.yarnpkg.com/run-parallel/-/run-parallel-1.1.9.tgz#c9dd3a7cf9f4b2c4b6244e173a6ed866e61dd679"
  integrity sha512-DEqnSRTDw/Tc3FXf49zedI638Z9onwUotBMiUFKmrO2sdFKIbXamXGQ3Axd4qgphxKB4kw/qP1w5kTxnfU1B9Q==

string.prototype.codepointat@^0.2.1:
  version "0.2.1"
  resolved "https://registry.yarnpkg.com/string.prototype.codepointat/-/string.prototype.codepointat-0.2.1.tgz#004ad44c8afc727527b108cd462b4d971cd469bc"
  integrity sha512-2cBVCj6I4IOvEnjgO/hWqXjqBGsY+zwPmHl12Srk9IXSZ56Jwwmy+66XO5Iut/oQVR7t5ihYdLB0GMa4alEUcg==

tiny-inflate@^1.0.3:
  version "1.0.3"
  resolved "https://registry.yarnpkg.com/tiny-inflate/-/tiny-inflate-1.0.3.tgz#122715494913a1805166aaf7c93467933eea26c4"
  integrity sha512-pkY1fj1cKHb2seWDy0B16HeWyczlJA9/WW3u3c4z/NiWDsO3DOU5D7nhTLE9CF0yXv/QZFY7sEJmj24dK+Rrqw==

to-regex-range@^5.0.1:
  version "5.0.1"
  resolved "https://registry.yarnpkg.com/to-regex-range/-/to-regex-range-5.0.1.tgz#1648c44aae7c8d988a326018ed72f5b4dd0392e4"
  integrity sha512-65P7iz6X5yEr1cwcgvQxbbIw7Uk3gOy5dIdtZ4rDveLqhrdJP+Li/Hx6tyK0NEb+2GCyneCMJiGqrADCSNk8sQ==
  dependencies:
    is-number "^7.0.0"

ts-node@^10.9.1:
  version "10.9.1"
  resolved "https://registry.yarnpkg.com/ts-node/-/ts-node-10.9.1.tgz#e73de9102958af9e1f0b168a6ff320e25adcff4b"
  integrity sha512-NtVysVPkxxrwFGUUxGYhfux8k78pQB3JqYBXlLRZgdGUqTO5wU/UyHop5p70iEbGhB7q5KmiZiU0Y3KlJrScEw==
  dependencies:
    "@cspotcode/source-map-support" "^0.8.0"
    "@tsconfig/node10" "^1.0.7"
    "@tsconfig/node12" "^1.0.7"
    "@tsconfig/node14" "^1.0.0"
    "@tsconfig/node16" "^1.0.2"
    acorn "^8.4.1"
    acorn-walk "^8.1.1"
    arg "^4.1.0"
    create-require "^1.1.0"
    diff "^4.0.1"
    make-error "^1.1.1"
    v8-compile-cache-lib "^3.0.1"
    yn "3.1.1"

tslib@^2.6.3:
  version "2.6.3"
  resolved "https://registry.yarnpkg.com/tslib/-/tslib-2.6.3.tgz#0438f810ad7a9edcde7a241c3d80db693c8cbfe0"
  integrity sha512-xNvxJEOUiWPGhUuUdQgAJPKOOJfGnIyKySOc09XkKsgdUV/3E2zvwZYdejjmRgPCgcym1juLH3226yA7sEFJKQ==

typescript@^5.5.3:
  version "5.5.3"
  resolved "https://registry.yarnpkg.com/typescript/-/typescript-5.5.3.tgz#e1b0a3c394190838a0b168e771b0ad56a0af0faa"
  integrity sha512-/hreyEujaB0w76zKo6717l3L0o/qEUtRgdvUBvlkhoWeOVMjMuHNHk0BRBzikzuGDqNmPQbg5ifMEqsHLiIUcQ==

undici-types@~5.26.4:
  version "5.26.5"
  resolved "https://registry.yarnpkg.com/undici-types/-/undici-types-5.26.5.tgz#bcd539893d00b56e964fd2657a4866b221a65617"
  integrity sha512-JlCMO+ehdEIKqlFxk6IfVoAUVmgz7cU7zD/h9XZ0qzeosSHmUJVOzSQvvYSYWXkFXC+IfLKSIffhv0sVZup6pA==

v8-compile-cache-lib@^3.0.1:
  version "3.0.1"
  resolved "https://registry.yarnpkg.com/v8-compile-cache-lib/-/v8-compile-cache-lib-3.0.1.tgz#6336e8d71965cb3d35a1bbb7868445a7c05264bf"
  integrity sha512-wa7YjyUGfNZngI/vtK0UHAN+lgDCxBPCylVXGp0zu59Fz5aiGtNXaq3DhIov063MorB+VfufLh3JlF2KdTK3xg==

yn@3.1.1:
  version "3.1.1"
  resolved "https://registry.yarnpkg.com/yn/-/yn-3.1.1.tgz#1e87401a09d767c1d5eab26a6e4c185182d2eb50"
  integrity sha512-Ux4ygGWsu2c7isFWe8Yu1YluJmqVhxqK2cLXNQA5AcC3QfbGNpM7fu0Y8b/z16pXLnFxZYvWhd3fhBY9DLmC6Q==
