# THIS IS AN AUTOGENERATED FILE. DO NOT EDIT THIS FILE DIRECTLY.
# yarn lockfile v1


"@cspotcode/source-map-support@^0.8.0":
  version "0.8.1"
  resolved "https://registry.yarnpkg.com/@cspotcode/source-map-support/-/source-map-support-0.8.1.tgz#00629c35a688e05a88b1cda684fb9d5e73f000a1"
  integrity sha512-IchNf6dN4tHoMFIn/7OE8LWZ19Y6q/67Bmf6vnGREv8RSbBVb9LPJxEcnwrcwX6ixSvaiGoomAUvu4YSxXrVgw==
  dependencies:
    "@jridgewell/trace-mapping" "0.3.9"

"@jridgewell/resolve-uri@^3.0.3":
  version "3.1.0"
  resolved "https://registry.yarnpkg.com/@jridgewell/resolve-uri/-/resolve-uri-3.1.0.tgz#2203b118c157721addfe69d47b70465463066d78"
  integrity sha512-F2msla3tad+Mfht5cJq7LSXcdudKTWCVYUgw6pLFOOHSTtZlj6SWNYAp+AhuqLmWdBO2X5hPrLcu8cVP8fy28w==

"@jridgewell/sourcemap-codec@^1.4.10":
  version "1.4.14"
  resolved "https://registry.yarnpkg.com/@jridgewell/sourcemap-codec/-/sourcemap-codec-1.4.14.tgz#add4c98d341472a289190b424efbdb096991bb24"
  integrity sha512-XPSJHWmi394fuUuzDnGz1wiKqWfo1yXecHQMRf2l6hztTO+nPru658AyDngaBe7isIxEkRsPR3FZh+s7iVa4Uw==

"@jridgewell/trace-mapping@0.3.9":
  version "0.3.9"
  resolved "https://registry.yarnpkg.com/@jridgewell/trace-mapping/-/trace-mapping-0.3.9.tgz#6534fd5933a53ba7cbf3a17615e273a0d1273ff9"
  integrity sha512-3Belt6tdc8bPgAtbcmdtNJlirVoTmEb5e2gC94PnkwEW9jI6CAHUeoG85tjWP5WquqfavoMtMwiG4P926ZKKuQ==
  dependencies:
    "@jridgewell/resolve-uri" "^3.0.3"
    "@jridgewell/sourcemap-codec" "^1.4.10"

"@nodelib/fs.scandir@2.1.3":
  version "2.1.3"
  resolved "https://registry.yarnpkg.com/@nodelib/fs.scandir/-/fs.scandir-2.1.3.tgz#3a582bdb53804c6ba6d146579c46e52130cf4a3b"
  integrity sha512-eGmwYQn3gxo4r7jdQnkrrN6bY478C3P+a/y72IJukF8LjB6ZHeB3c+Ehacj3sYeSmUXGlnA67/PmbM9CVwL7Dw==
  dependencies:
    "@nodelib/fs.stat" "2.0.3"
    run-parallel "^1.1.9"

"@nodelib/fs.stat@2.0.3", "@nodelib/fs.stat@^2.0.2":
  version "2.0.3"
  resolved "https://registry.yarnpkg.com/@nodelib/fs.stat/-/fs.stat-2.0.3.tgz#34dc5f4cabbc720f4e60f75a747e7ecd6c175bd3"
  integrity sha512-bQBFruR2TAwoevBEd/NWMoAAtNGzTRgdrqnYCc7dhzfoNvqPzLyqlEQnzZ3kVnNrSp25iyxE00/3h2fqGAGArA==

"@nodelib/fs.walk@^1.2.3":
  version "1.2.4"
  resolved "https://registry.yarnpkg.com/@nodelib/fs.walk/-/fs.walk-1.2.4.tgz#011b9202a70a6366e436ca5c065844528ab04976"
  integrity sha512-1V9XOY4rDW0rehzbrcqAmHnz8e7SKvX27gh8Gt2WgB0+pdzdiLV83p72kZPU+jvMbS1qU5mauP2iOvO8rhmurQ==
  dependencies:
    "@nodelib/fs.scandir" "2.1.3"
    fastq "^1.6.0"

"@thi.ng/api@^8.9.0":
  version "8.9.0"
  resolved "https://registry.yarnpkg.com/@thi.ng/api/-/api-8.9.0.tgz#89cdd44063396c443e282da803d39623618c3fba"
  integrity sha512-Bf9V0OGhm/8FNVEaZPjHKDXfYtCfRE7RYM3pvv807XGZBOochbPcWhL+2U6FqHKIIZyV8bgA7X4s5nASWc5a2A==

"@thi.ng/arrays@^2.5.15":
  version "2.5.15"
  resolved "https://registry.yarnpkg.com/@thi.ng/arrays/-/arrays-2.5.15.tgz#9e30ea9f18c61a3a853193bc69f403f2d889acc3"
  integrity sha512-sMCB2nAGSugzrpWkt70N0zf6htvf9qssmiRq2eP9lHDSsUd2v7aeg3Ps++77yUJ6Mw4os9POi/55jvO4v9/Mpg==
  dependencies:
    "@thi.ng/api" "^8.9.0"
    "@thi.ng/checks" "^3.4.0"
    "@thi.ng/compare" "^2.1.33"
    "@thi.ng/equiv" "^2.1.25"
    "@thi.ng/errors" "^2.3.0"
    "@thi.ng/random" "^3.5.1"

"@thi.ng/associative@^6.2.40":
  version "6.2.40"
  resolved "https://registry.yarnpkg.com/@thi.ng/associative/-/associative-6.2.40.tgz#f69324395bc5b16dd8a8d71130714e78af4334c1"
  integrity sha512-40wM+dI14/8310wieo0DctnsnbMALHuYyJMvR2ETJLfLozwkSX88zQK5uSXJH6dzKibOsUgWbuJTaAPZveHWhw==
  dependencies:
    "@thi.ng/api" "^8.9.0"
    "@thi.ng/arrays" "^2.5.15"
    "@thi.ng/binary" "^3.3.28"
    "@thi.ng/checks" "^3.4.0"
    "@thi.ng/compare" "^2.1.33"
    "@thi.ng/dcons" "^3.2.47"
    "@thi.ng/equiv" "^2.1.25"
    "@thi.ng/errors" "^2.3.0"
    "@thi.ng/random" "^3.5.1"
    "@thi.ng/transducers" "^8.5.0"
    tslib "^2.6.1"

"@thi.ng/binary@^3.3.28":
  version "3.3.28"
  resolved "https://registry.yarnpkg.com/@thi.ng/binary/-/binary-3.3.28.tgz#f057349d0e3a0e25bceb57a01a32f2a81e191079"
  integrity sha512-AD7Kaa9+EYhCGKDAmlaxjs0dhU+4rGuMl6W5rWdJDcyX8bnDjMZy3+5UzlxfY/s6FEesdst5pGR/raE+SITRyA==
  dependencies:
    "@thi.ng/api" "^8.9.0"

"@thi.ng/checks@^3.4.0":
  version "3.4.0"
  resolved "https://registry.yarnpkg.com/@thi.ng/checks/-/checks-3.4.0.tgz#cc432d43a7e829c55775e6fb5fe8e6cd086a095b"
  integrity sha512-vRw1zQMlPmQVkIsKqxl7n2459lEub9317LxKI8HN2xTug+/luoLsTNUpkQjTgE/Gx7OgRFwCmpCDm3NKcKxJjQ==
  dependencies:
    tslib "^2.6.1"

"@thi.ng/color@^5.5.6":
  version "5.5.6"
  resolved "https://registry.yarnpkg.com/@thi.ng/color/-/color-5.5.6.tgz#7a72499fe72d8db29d17379960286701805450df"
  integrity sha512-JodU2GQW5sYFN2btCjBBq/C8PFrXYskeOk3fRuC8qGKRaBn8ko1Sr/8Zyt35TP9moU9noMq7vQcYCRDIXUSLFA==
  dependencies:
    "@thi.ng/api" "^8.9.0"
    "@thi.ng/arrays" "^2.5.15"
    "@thi.ng/binary" "^3.3.28"
    "@thi.ng/checks" "^3.4.0"
    "@thi.ng/compare" "^2.1.33"
    "@thi.ng/compose" "^2.1.35"
    "@thi.ng/defmulti" "^2.1.39"
    "@thi.ng/errors" "^2.3.0"
    "@thi.ng/math" "^5.5.1"
    "@thi.ng/random" "^3.5.1"
    "@thi.ng/strings" "^3.4.8"
    "@thi.ng/transducers" "^8.5.0"
    "@thi.ng/vectors" "^7.7.2"

"@thi.ng/compare@^2.1.33":
  version "2.1.33"
  resolved "https://registry.yarnpkg.com/@thi.ng/compare/-/compare-2.1.33.tgz#f4fed6185f847d700f845f3b3c84872096659422"
  integrity sha512-cscjOP0g7FUS0046F6KhbdPNVOTDQRB5hIa6t7a2bK6MpNpbEdw1x6hWpIcUt8KmSO+k4j/qgygPC/M32J3eYw==
  dependencies:
    "@thi.ng/api" "^8.9.0"

"@thi.ng/compose@^2.1.35":
  version "2.1.35"
  resolved "https://registry.yarnpkg.com/@thi.ng/compose/-/compose-2.1.35.tgz#d5d9d16cd6f59c75f18ebddc270b4078fc440e43"
  integrity sha512-25OwxKnT7zRO7u4TsytYPwUOPMX+IYKaW9DpzXQTcqe6TBBVgomZhXj2qKNCSzF48j/Ny6bRs7zr6SCtxgxfNg==
  dependencies:
    "@thi.ng/api" "^8.9.0"
    "@thi.ng/errors" "^2.3.0"

"@thi.ng/dcons@^3.2.47":
  version "3.2.47"
  resolved "https://registry.yarnpkg.com/@thi.ng/dcons/-/dcons-3.2.47.tgz#516715a28160f98c0a20de982b4f98de0a465b61"
  integrity sha512-QWJSFAxN5JYoBK/ncd50nTN4d7y/nDx7wYV15yathAFlRGRfVkLMDtx3RRoqYuVUvL/fKrDOEwwK+5sBpT4AMQ==
  dependencies:
    "@thi.ng/api" "^8.9.0"
    "@thi.ng/checks" "^3.4.0"
    "@thi.ng/compare" "^2.1.33"
    "@thi.ng/equiv" "^2.1.25"
    "@thi.ng/errors" "^2.3.0"
    "@thi.ng/random" "^3.5.1"
    "@thi.ng/transducers" "^8.5.0"

"@thi.ng/defmulti@^2.1.39":
  version "2.1.39"
  resolved "https://registry.yarnpkg.com/@thi.ng/defmulti/-/defmulti-2.1.39.tgz#3bc946cf8998247f5bc3fda72e5ccbbf6b3492a3"
  integrity sha512-69ZZVZA6VMpL/vaPP9nDh3RK4Ixxt5/Sw1O4Vkno4Yv9pUfS2dJ/oud7u8kReJA8S6mgNnYlsBhJ0do+MqQbPg==
  dependencies:
    "@thi.ng/api" "^8.9.0"
    "@thi.ng/errors" "^2.3.0"
    "@thi.ng/logger" "^1.4.16"

"@thi.ng/equiv@^2.1.25":
  version "2.1.25"
  resolved "https://registry.yarnpkg.com/@thi.ng/equiv/-/equiv-2.1.25.tgz#d3a3b21fc09a2ad358b6a515fadd3a6c73bdb227"
  integrity sha512-V+bytFqcYTYa6J+jB8lWS7pdS1jKBCBOAmoVSIwqojEuQAvzM1NZQ1QX3fsfuKy86eenAETJBdDHMnBYd/N5wA==

"@thi.ng/errors@^2.3.0":
  version "2.3.0"
  resolved "https://registry.yarnpkg.com/@thi.ng/errors/-/errors-2.3.0.tgz#f3ba7517f9376dbc32db71714971ea44f9110909"
  integrity sha512-gbOskPQfuZ9logBFFg2yjT8kiKK+YYOVZhChanwIOGvIXwGE+H/IdJt5irXkafzauRiqc4tI6mtkzeA4kDfYKg==

"@thi.ng/file-io@^0.5.13":
  version "0.5.13"
  resolved "https://registry.yarnpkg.com/@thi.ng/file-io/-/file-io-0.5.13.tgz#deab0f77e1ef1f42464532b3ddd30b65156b97bc"
  integrity sha512-lfiZrN8JcPLUJ3Rf9kCIRu/WEM8+21p9xObAFqrznqA58yLDqXjCPCdXi7/J9IG2cCvaYa9pZr4bsf2dqnc2KQ==
  dependencies:
    "@thi.ng/api" "^8.9.0"
    "@thi.ng/checks" "^3.4.0"
    "@thi.ng/hex" "^2.3.12"
    "@thi.ng/logger" "^1.4.16"
    "@thi.ng/random" "^3.5.1"

"@thi.ng/geom-api@^3.4.20":
  version "3.4.20"
  resolved "https://registry.yarnpkg.com/@thi.ng/geom-api/-/geom-api-3.4.20.tgz#5adc6de304aa479821f9666efbed5175c498bc0a"
  integrity sha512-lkMTtu9DHQKoExb2mgIM4XEqiI8YLOqSLMDRKaAxzWTCpVZsYuF9AxS2Tn1GQc8fwMQO+n2vggZLrCEPc59Xng==
  dependencies:
    "@thi.ng/api" "^8.9.0"
    "@thi.ng/vectors" "^7.7.2"

"@thi.ng/geom-arc@^2.1.63":
  version "2.1.63"
  resolved "https://registry.yarnpkg.com/@thi.ng/geom-arc/-/geom-arc-2.1.63.tgz#905a29e674db2d6811f7226a911beda4207ffc32"
  integrity sha512-Tj15tAFUpzFSemORWUdi1S7wj7lLlSDKNr6fksrBHs2OpyXP2PTTkn/Ikpj2/PpY52U1Tgw3csJz+XJIlGgDMA==
  dependencies:
    "@thi.ng/checks" "^3.4.0"
    "@thi.ng/geom-api" "^3.4.20"
    "@thi.ng/geom-resample" "^2.2.20"
    "@thi.ng/math" "^5.5.1"
    "@thi.ng/vectors" "^7.7.2"

"@thi.ng/geom-clip-line@^2.3.20":
  version "2.3.20"
  resolved "https://registry.yarnpkg.com/@thi.ng/geom-clip-line/-/geom-clip-line-2.3.20.tgz#5b0bd0bebda917330a05e65fae7a6cd75a746c64"
  integrity sha512-jvGzKtVh8gDUqK5TBQOosMpRLpNbKM+S80Z26m/PswzlToG/Hn02t+a76XBmSqLCtZhavX/l2aYjhWlJwnv4/g==
  dependencies:
    "@thi.ng/api" "^8.9.0"
    "@thi.ng/geom-isec" "^2.1.62"
    "@thi.ng/vectors" "^7.7.2"

"@thi.ng/geom-clip-poly@^2.1.62":
  version "2.1.62"
  resolved "https://registry.yarnpkg.com/@thi.ng/geom-clip-poly/-/geom-clip-poly-2.1.62.tgz#0394717224e614c15e184dfdb8bce29db878f6fa"
  integrity sha512-hAQajsviHCRc/J80WqQZ8cDSabENM8KijRjcPXCWid/65F1IK/fgWHS4KvZX58YPf+Tj9S1ocKPvXfRKM4nIYQ==
  dependencies:
    "@thi.ng/geom-isec" "^2.1.62"
    "@thi.ng/geom-poly-utils" "^2.3.46"
    "@thi.ng/math" "^5.5.1"
    "@thi.ng/vectors" "^7.7.2"

"@thi.ng/geom-closest-point@^2.1.58":
  version "2.1.58"
  resolved "https://registry.yarnpkg.com/@thi.ng/geom-closest-point/-/geom-closest-point-2.1.58.tgz#e56b6cc1005114efa70c3b23cfb2bbe822cd9979"
  integrity sha512-CCGZWZ0jaA1vM7FFksxrb4GhEcXNXl4mssyI7Xm6gtYJ+NOAwT/NbCwO8R9iQWQkeUuDuy+PYlOvMnRoNX/86w==
  dependencies:
    "@thi.ng/api" "^8.9.0"
    "@thi.ng/math" "^5.5.1"
    "@thi.ng/vectors" "^7.7.2"

"@thi.ng/geom-hull@^2.1.58":
  version "2.1.58"
  resolved "https://registry.yarnpkg.com/@thi.ng/geom-hull/-/geom-hull-2.1.58.tgz#06adedcc08808d2f74956350bc37150b0b4bf7e1"
  integrity sha512-itxHnxx3mJZ284xzbPsBQCp+Icate8v12FMJLl/EIPIxpZSVQ4pRaD3FGFONvn8w5FxtvlLHlI4ubGMsOk5pKA==
  dependencies:
    "@thi.ng/math" "^5.5.1"
    "@thi.ng/vectors" "^7.7.2"

"@thi.ng/geom-isec@^2.1.62":
  version "2.1.62"
  resolved "https://registry.yarnpkg.com/@thi.ng/geom-isec/-/geom-isec-2.1.62.tgz#ffe32b033a752f73e494cc0cd50046c26477de1e"
  integrity sha512-f4Ke9gW4P5y/z0yxUaWT8+pJLPgz5d/e67qhQOE2szo1jqTUaBKUai8PKTccyF/Fz2GapTRh3tuIYJGpyfI7FQ==
  dependencies:
    "@thi.ng/api" "^8.9.0"
    "@thi.ng/geom-api" "^3.4.20"
    "@thi.ng/geom-closest-point" "^2.1.58"
    "@thi.ng/math" "^5.5.1"
    "@thi.ng/vectors" "^7.7.2"

"@thi.ng/geom-poly-utils@^2.3.46":
  version "2.3.46"
  resolved "https://registry.yarnpkg.com/@thi.ng/geom-poly-utils/-/geom-poly-utils-2.3.46.tgz#76381b40943b78902fbcf405279d871cb7e669f7"
  integrity sha512-cyeYtO2By6lYdTAiIAgmx6GnHZHu+UjlMY2szaMfJMMvONMS/UhxqwPIPwEGz8X6KxucMJbCcsab/xdN0j6wmg==
  dependencies:
    "@thi.ng/api" "^8.9.0"
    "@thi.ng/errors" "^2.3.0"
    "@thi.ng/geom-api" "^3.4.20"
    "@thi.ng/math" "^5.5.1"
    "@thi.ng/vectors" "^7.7.2"

"@thi.ng/geom-resample@^2.2.20":
  version "2.2.20"
  resolved "https://registry.yarnpkg.com/@thi.ng/geom-resample/-/geom-resample-2.2.20.tgz#337f7c6f3cb696c77ceae21b91c8269e59e2ffdb"
  integrity sha512-0fnvTM6TIEo8hzXdvt02rkgY/k3bXfCPUoF5+LlyzbaRB5HkcmjdalvRjxUN0fgGZk8QVUvuOY0RsM9Nr3J7Ww==
  dependencies:
    "@thi.ng/checks" "^3.4.0"
    "@thi.ng/geom-api" "^3.4.20"
    "@thi.ng/geom-closest-point" "^2.1.58"
    "@thi.ng/geom-isec" "^2.1.62"
    "@thi.ng/math" "^5.5.1"
    "@thi.ng/vectors" "^7.7.2"

"@thi.ng/geom-splines@^2.2.37":
  version "2.2.37"
  resolved "https://registry.yarnpkg.com/@thi.ng/geom-splines/-/geom-splines-2.2.37.tgz#10223d41984d9521709dc85da2a4d86a900fd168"
  integrity sha512-QmV+G3Y4BoLGaFVUyOZ+vkzJOaKPY9s5XS3/DT+GxgrLrHZWCqFgD+dyJHOA6QhGEyrKAFEDacAvcFZKM8cy4g==
  dependencies:
    "@thi.ng/api" "^8.9.0"
    "@thi.ng/checks" "^3.4.0"
    "@thi.ng/geom-api" "^3.4.20"
    "@thi.ng/geom-arc" "^2.1.63"
    "@thi.ng/geom-resample" "^2.2.20"
    "@thi.ng/math" "^5.5.1"
    "@thi.ng/vectors" "^7.7.2"

"@thi.ng/geom-subdiv-curve@^2.1.62":
  version "2.1.62"
  resolved "https://registry.yarnpkg.com/@thi.ng/geom-subdiv-curve/-/geom-subdiv-curve-2.1.62.tgz#063b8a771478ce6c41ebd16689fae606188ad905"
  integrity sha512-Ipej0nZ/o7TiHGhbro7BG5ivPfcg4nXfUJCFsm0mPGNtA91raLZ8N1hB7BdIum0PEzSx6vyPVF6S4/lo9zjuGw==
  dependencies:
    "@thi.ng/api" "^8.9.0"
    "@thi.ng/geom-api" "^3.4.20"
    "@thi.ng/transducers" "^8.5.0"
    "@thi.ng/vectors" "^7.7.2"

"@thi.ng/geom-tessellate@^2.1.62":
  version "2.1.62"
  resolved "https://registry.yarnpkg.com/@thi.ng/geom-tessellate/-/geom-tessellate-2.1.62.tgz#8fa021a4489237eb2ba123ceaf7c0605c6169093"
  integrity sha512-nn2KR66QkY9QWV7/3O/lNQAd15G/MmotyMSeJshv2gW0t4nX/maUlLqrNxuL0PPlSpcsZm16PYzaiP3wGJWscw==
  dependencies:
    "@thi.ng/checks" "^3.4.0"
    "@thi.ng/geom-api" "^3.4.20"
    "@thi.ng/geom-isec" "^2.1.62"
    "@thi.ng/geom-poly-utils" "^2.3.46"
    "@thi.ng/transducers" "^8.5.0"
    "@thi.ng/vectors" "^7.7.2"

"@thi.ng/geom@^5.1.0":
  version "5.1.0"
  resolved "https://registry.yarnpkg.com/@thi.ng/geom/-/geom-5.1.0.tgz#95da8b57e0d15b08cbd6451d1df64ee01e615404"
  integrity sha512-YAiiQrRtHKZhxZ0QmV0SMLaqC3WZgxh/6XIVad5Pk5ip+8bsv+8Wbg6JBg2IoRjz1HRT60xoytla7r2yIeogPQ==
  dependencies:
    "@thi.ng/api" "^8.9.0"
    "@thi.ng/arrays" "^2.5.15"
    "@thi.ng/associative" "^6.2.40"
    "@thi.ng/checks" "^3.4.0"
    "@thi.ng/defmulti" "^2.1.39"
    "@thi.ng/equiv" "^2.1.25"
    "@thi.ng/errors" "^2.3.0"
    "@thi.ng/geom-api" "^3.4.20"
    "@thi.ng/geom-arc" "^2.1.63"
    "@thi.ng/geom-clip-line" "^2.3.20"
    "@thi.ng/geom-clip-poly" "^2.1.62"
    "@thi.ng/geom-closest-point" "^2.1.58"
    "@thi.ng/geom-hull" "^2.1.58"
    "@thi.ng/geom-isec" "^2.1.62"
    "@thi.ng/geom-poly-utils" "^2.3.46"
    "@thi.ng/geom-resample" "^2.2.20"
    "@thi.ng/geom-splines" "^2.2.37"
    "@thi.ng/geom-subdiv-curve" "^2.1.62"
    "@thi.ng/geom-tessellate" "^2.1.62"
    "@thi.ng/hiccup" "^4.2.43"
    "@thi.ng/hiccup-svg" "^5.0.7"
    "@thi.ng/math" "^5.5.1"
    "@thi.ng/matrices" "^2.1.59"
    "@thi.ng/random" "^3.5.1"
    "@thi.ng/strings" "^3.4.8"
    "@thi.ng/transducers" "^8.5.0"
    "@thi.ng/vectors" "^7.7.2"

"@thi.ng/hex@^2.3.12":
  version "2.3.12"
  resolved "https://registry.yarnpkg.com/@thi.ng/hex/-/hex-2.3.12.tgz#1b5050629b4dbf26e814a4dfec8beec0a898e689"
  integrity sha512-wd/YnwNbHJMF0c20IQA+8tvxCGaqgxvg5WkcMIsPqc801BYR8OiklGe2ySv4lnM10dQXoe8UbyojRUoUW2rT0A==

"@thi.ng/hiccup-svg@^5.0.7":
  version "5.0.7"
  resolved "https://registry.yarnpkg.com/@thi.ng/hiccup-svg/-/hiccup-svg-5.0.7.tgz#5e11d112a563f1a908382ccdf0572fb9f1a00f0c"
  integrity sha512-xrSO6Qwjof6f/p13FMHJ3hV6pAT26sNUoFyzEooCqniw9AF/4tjh6yBqDwSZZHigp8n0kjvVSe6yGBvInkFI9w==
  dependencies:
    "@thi.ng/checks" "^3.4.0"
    "@thi.ng/color" "^5.5.6"
    "@thi.ng/prefixes" "^2.1.25"

"@thi.ng/hiccup@^4.2.43":
  version "4.2.43"
  resolved "https://registry.yarnpkg.com/@thi.ng/hiccup/-/hiccup-4.2.43.tgz#110954dc6aa5c1bd2558727a8ecf8338731a15db"
  integrity sha512-XeX6PPWxXbHPs7s5sBcKCsJA094dVlxtIaj5A0OlsMK6+q/+di+yWqstec4PHERdZ0M5x/YnBqQ5znKIU+j1Zw==
  dependencies:
    "@thi.ng/api" "^8.9.0"
    "@thi.ng/checks" "^3.4.0"
    "@thi.ng/errors" "^2.3.0"
    "@thi.ng/strings" "^3.4.8"

"@thi.ng/logger@^1.4.16":
  version "1.4.16"
  resolved "https://registry.yarnpkg.com/@thi.ng/logger/-/logger-1.4.16.tgz#98ff734f3c51eee7bf5aadb29a5d1d7fbf47231e"
  integrity sha512-MbZUE5fSiunTInyYaXswhURodc5HkxvHKaEXTCnLfQa7FW8LE25gHScC46POkSaiktbwQgkHSt5orNUHwpK/bw==

"@thi.ng/math@^5.5.1":
  version "5.5.1"
  resolved "https://registry.yarnpkg.com/@thi.ng/math/-/math-5.5.1.tgz#bb4efc98bdd04527e89655d2ec1c0ceeedb35503"
  integrity sha512-JIPVppWH2ONx2okZYQcgiAIZ9R08q0sUXgJuiy5a1+sAyekvxDVPk5JMZ1qlfqjRBlXJFPKNjUVIPbu9OomaTw==
  dependencies:
    "@thi.ng/api" "^8.9.0"

"@thi.ng/matrices@^2.1.59":
  version "2.1.59"
  resolved "https://registry.yarnpkg.com/@thi.ng/matrices/-/matrices-2.1.59.tgz#8fde298f5ea1e6cfd72bb06c8c2304a0dc218c49"
  integrity sha512-FTHf4wRGVWPhK2uvOgq3EzOJPRn70zZ7JT+5HGXnzZrZpYxSN2CyRrCXysZ8MBSPKGbJ+zckILnl/JlE350g9w==
  dependencies:
    "@thi.ng/api" "^8.9.0"
    "@thi.ng/checks" "^3.4.0"
    "@thi.ng/math" "^5.5.1"
    "@thi.ng/vectors" "^7.7.2"

"@thi.ng/memoize@^3.1.33":
  version "3.1.33"
  resolved "https://registry.yarnpkg.com/@thi.ng/memoize/-/memoize-3.1.33.tgz#8d950cbfdbd35db58b9075435a3febc38db7eb9c"
  integrity sha512-A039u2G6sz1aBgeRnASvD2xGM39/zig96Kqw+fH++B9ieqJBmgnA6xavI3CUeCaORLm9qYNrvBpRKs/oOerlyQ==
  dependencies:
    "@thi.ng/api" "^8.9.0"

"@thi.ng/prefixes@^2.1.25":
  version "2.1.25"
  resolved "https://registry.yarnpkg.com/@thi.ng/prefixes/-/prefixes-2.1.25.tgz#8f7ad910779436cc312a5b13761f73a2b0b6bc04"
  integrity sha512-r2oWBi2K903BMIZldx+MRzn0KMSDVopRhTFllbr+qhgf4IOxxD8N+9mw+DqqRITP5+mQk784lyZA6PV4WThwag==

"@thi.ng/random@^3.5.1":
  version "3.5.1"
  resolved "https://registry.yarnpkg.com/@thi.ng/random/-/random-3.5.1.tgz#4e9735aed2bbbee27f20ea014d994cc3e3684bc7"
  integrity sha512-3WJUm43bJih+MV21YVUgqQPPJtuEi1oxi0VB1It376ltfRBmrX8yb/ZbrmLUBVUZ7h3QHcRHTV2nY0Wn5KZo7Q==
  dependencies:
    "@thi.ng/api" "^8.9.0"
    "@thi.ng/checks" "^3.4.0"
    "@thi.ng/errors" "^2.3.0"
    "@thi.ng/hex" "^2.3.12"

"@thi.ng/strings@^3.4.8":
  version "3.4.8"
  resolved "https://registry.yarnpkg.com/@thi.ng/strings/-/strings-3.4.8.tgz#ce7f3356f3ad10666ea61103e93043a09e1f039a"
  integrity sha512-sAPTcUovXmunhFDRKh/aTlb8reLCgVCDGLYHSMYAP0ogstwQ8Yq0fC0WPcOmzVMyQTen0N8yXbOXDpjWqrxfOg==
  dependencies:
    "@thi.ng/api" "^8.9.0"
    "@thi.ng/errors" "^2.3.0"
    "@thi.ng/hex" "^2.3.12"
    "@thi.ng/memoize" "^3.1.33"

"@thi.ng/transducers@^8.5.0":
  version "8.5.0"
  resolved "https://registry.yarnpkg.com/@thi.ng/transducers/-/transducers-8.5.0.tgz#c4ecc78258fb4fd5a72d26fa1cb5099fa33b0b6f"
  integrity sha512-UzZInwSEq4RJ3PTsBzPA+LsOkaiLfKsTuRS2OEGKzOFZuvnx5dM6/Jq7PLzm5ifXXMpmIEJfEMADcrmFiTsRgQ==
  dependencies:
    "@thi.ng/api" "^8.9.0"
    "@thi.ng/arrays" "^2.5.15"
    "@thi.ng/checks" "^3.4.0"
    "@thi.ng/compare" "^2.1.33"
    "@thi.ng/compose" "^2.1.35"
    "@thi.ng/errors" "^2.3.0"
    "@thi.ng/math" "^5.5.1"
    "@thi.ng/random" "^3.5.1"

"@thi.ng/vectors@^7.7.2":
  version "7.7.2"
  resolved "https://registry.yarnpkg.com/@thi.ng/vectors/-/vectors-7.7.2.tgz#a748d3a68114446aeb559e3221b11aa7a4b1f72c"
  integrity sha512-5CGd+b1F72bs9wk86aeZX/QdagAvABi6k+IlNhj9VNxZPJ6xQ1Gre0REwY3+x5TSkL0hMgrGEIpc6W2K3scyGw==
  dependencies:
    "@thi.ng/api" "^8.9.0"
    "@thi.ng/binary" "^3.3.28"
    "@thi.ng/checks" "^3.4.0"
    "@thi.ng/equiv" "^2.1.25"
    "@thi.ng/errors" "^2.3.0"
    "@thi.ng/math" "^5.5.1"
    "@thi.ng/memoize" "^3.1.33"
    "@thi.ng/random" "^3.5.1"
    "@thi.ng/strings" "^3.4.8"
    "@thi.ng/transducers" "^8.5.0"

"@tsconfig/node10@^1.0.7":
  version "1.0.9"
  resolved "https://registry.yarnpkg.com/@tsconfig/node10/-/node10-1.0.9.tgz#df4907fc07a886922637b15e02d4cebc4c0021b2"
  integrity sha512-jNsYVVxU8v5g43Erja32laIDHXeoNvFEpX33OK4d6hljo3jDhCBDhx5dhCCTMWUojscpAagGiRkBKxpdl9fxqA==

"@tsconfig/node12@^1.0.7":
  version "1.0.11"
  resolved "https://registry.yarnpkg.com/@tsconfig/node12/-/node12-1.0.11.tgz#ee3def1f27d9ed66dac6e46a295cffb0152e058d"
  integrity sha512-cqefuRsh12pWyGsIoBKJA9luFu3mRxCA+ORZvA4ktLSzIuCUtWVxGIuXigEwO5/ywWFMZ2QEGKWvkZG1zDMTag==

"@tsconfig/node14@^1.0.0":
  version "1.0.3"
  resolved "https://registry.yarnpkg.com/@tsconfig/node14/-/node14-1.0.3.tgz#e4386316284f00b98435bf40f72f75a09dabf6c1"
  integrity sha512-ysT8mhdixWK6Hw3i1V2AeRqZ5WfXg1G43mqoYlM2nc6388Fq5jcXyr5mRsqViLx/GJYdoL0bfXD8nmF+Zn/Iow==

"@tsconfig/node16@^1.0.2":
  version "1.0.3"
  resolved "https://registry.yarnpkg.com/@tsconfig/node16/-/node16-1.0.3.tgz#472eaab5f15c1ffdd7f8628bd4c4f753995ec79e"
  integrity sha512-yOlFc+7UtL/89t2ZhjPvvB/DeAr3r+Dq58IgzsFkOAvVC6NMJXmCGjbptdXdR9qsX7pKcTL+s87FtYREi2dEEQ==

"@types/node@^20.4.8":
  version "20.4.8"
  resolved "https://registry.yarnpkg.com/@types/node/-/node-20.4.8.tgz#b5dda19adaa473a9bf0ab5cbd8f30ec7d43f5c85"
  integrity sha512-0mHckf6D2DiIAzh8fM8f3HQCvMKDpK94YQ0DSVkfWTG9BZleYIWudw9cJxX8oCk9bM+vAkDyujDV6dmKHbvQpg==

"@types/opentype.js@1.3.4":
  version "1.3.4"
  resolved "https://registry.yarnpkg.com/@types/opentype.js/-/opentype.js-1.3.4.tgz#d9ef2e6ed3ba9d2b6822e38febb1834fb037641b"
  integrity sha512-6fbXi67I07ugNM+FExwJnfuui2hD7hraD6nqjr3UnqsbBpxSkrtmO6tBubPdNAjqRT9TVkquVkNS9IkgTtq6/w==

acorn-walk@^8.1.1:
  version "8.2.0"
  resolved "https://registry.yarnpkg.com/acorn-walk/-/acorn-walk-8.2.0.tgz#741210f2e2426454508853a2f44d0ab83b7f69c1"
  integrity sha512-k+iyHEuPgSw6SbuDpGQM+06HQUa04DZ3o+F6CSzXMvvI5KMvnaEqXe+YVe555R9nn6GPt404fos4wcgpw12SDA==

acorn@^8.4.1:
  version "8.8.0"
  resolved "https://registry.yarnpkg.com/acorn/-/acorn-8.8.0.tgz#88c0187620435c7f6015803f5539dae05a9dbea8"
  integrity sha512-QOxyigPVrpZ2GXT+PFyZTl6TtOFc5egxHIP9IlQ+RbupQuX4RkT/Bee4/kQuC02Xkzg84JcT7oLYtDIQxp+v7w==

arg@^4.1.0:
  version "4.1.2"
  resolved "https://registry.yarnpkg.com/arg/-/arg-4.1.2.tgz#e70c90579e02c63d80e3ad4e31d8bfdb8bd50064"
  integrity sha512-+ytCkGcBtHZ3V2r2Z06AncYO8jz46UEamcspGoU8lHcEbpn6J77QK0vdWvChsclg/tM5XIJC5tnjmPp7Eq6Obg==

braces@^3.0.2:
  version "3.0.3"
  resolved "https://registry.yarnpkg.com/braces/-/braces-3.0.3.tgz#490332f40919452272d55a8480adc0c441358789"
  integrity sha512-yQbXgO/OSZVD2IsiLlro+7Hf6Q18EJrKSEsdoMzKePKXct3gvD8oLcOQdIzGupr5Fj+EDe8gO/lxc1BzfMpxvA==
  dependencies:
    fill-range "^7.1.1"

create-require@^1.1.0:
  version "1.1.1"
  resolved "https://registry.yarnpkg.com/create-require/-/create-require-1.1.1.tgz#c1d7e8f1e5f6cfc9ff65f9cd352d37348756c333"
  integrity sha512-dcKFX3jn0MpIaXjisoRvexIJVEKzaq7z2rZKxf+MSr9TkdmHmsU4m2lcLojrj/FHl8mk5VxMmYA+ftRkP/3oKQ==

diff@^4.0.1:
  version "4.0.2"
  resolved "https://registry.yarnpkg.com/diff/-/diff-4.0.2.tgz#60f3aecb89d5fae520c11aa19efc2bb982aade7d"
  integrity sha512-58lmxKSA4BNyLz+HHMUzlOEpg09FV+ev6ZMe3vJihgdxzgcwZ8VoEEPmALCZG9LmqfVoNMMKpttIYTVG6uDY7A==

fast-glob@^3.3.1:
  version "3.3.1"
  resolved "https://registry.yarnpkg.com/fast-glob/-/fast-glob-3.3.1.tgz#784b4e897340f3dbbef17413b3f11acf03c874c4"
  integrity sha512-kNFPyjhh5cKjrUltxs+wFx+ZkbRaxxmZ+X0ZU31SOsxCEtP9VPgtq2teZw1DebupL5GmDaNQ6yKMMVcM41iqDg==
  dependencies:
    "@nodelib/fs.stat" "^2.0.2"
    "@nodelib/fs.walk" "^1.2.3"
    glob-parent "^5.1.2"
    merge2 "^1.3.0"
    micromatch "^4.0.4"

fastq@^1.6.0:
  version "1.6.0"
  resolved "https://registry.yarnpkg.com/fastq/-/fastq-1.6.0.tgz#4ec8a38f4ac25f21492673adb7eae9cfef47d1c2"
  integrity sha512-jmxqQ3Z/nXoeyDmWAzF9kH1aGZSis6e/SbfPmJpUnyZ0ogr6iscHQaml4wsEepEWSdtmpy+eVXmCRIMpxaXqOA==
  dependencies:
    reusify "^1.0.0"

fill-range@^7.1.1:
  version "7.1.1"
  resolved "https://registry.yarnpkg.com/fill-range/-/fill-range-7.1.1.tgz#44265d3cac07e3ea7dc247516380643754a05292"
  integrity sha512-YsGpe3WHLK8ZYi4tWDg2Jy3ebRz2rXowDxnld4bkQB00cc/1Zw9AWnC0i9ztDJitivtQvaI9KaLyKrc+hBW0yg==
  dependencies:
    to-regex-range "^5.0.1"

glob-parent@^5.1.2:
  version "5.1.2"
  resolved "https://registry.yarnpkg.com/glob-parent/-/glob-parent-5.1.2.tgz#869832c58034fe68a4093c17dc15e8340d8401c4"
  integrity sha512-AOIgSQCepiJYwP3ARnGx+5VnTu2HBYdzbGP45eLw1vr3zB3vZLeyed1sC9hnbcOc9/SrMyM5RPQrkGz4aS9Zow==
  dependencies:
    is-glob "^4.0.1"

is-extglob@^2.1.1:
  version "2.1.1"
  resolved "https://registry.yarnpkg.com/is-extglob/-/is-extglob-2.1.1.tgz#a88c02535791f02ed37c76a1b9ea9773c833f8c2"
  integrity sha1-qIwCU1eR8C7TfHahueqXc8gz+MI=

is-glob@^4.0.1:
  version "4.0.1"
  resolved "https://registry.yarnpkg.com/is-glob/-/is-glob-4.0.1.tgz#7567dbe9f2f5e2467bc77ab83c4a29482407a5dc"
  integrity sha512-5G0tKtBTFImOqDnLB2hG6Bp2qcKEFduo4tZu9MT/H6NQv/ghhy30o55ufafxJ/LdH79LLs2Kfrn85TLKyA7BUg==
  dependencies:
    is-extglob "^2.1.1"

is-number@^7.0.0:
  version "7.0.0"
  resolved "https://registry.yarnpkg.com/is-number/-/is-number-7.0.0.tgz#7535345b896734d5f80c4d06c50955527a14f12b"
  integrity sha512-41Cifkg6e8TylSpdtTpeLVMqvSBEVzTttHvERD741+pnZ8ANv0004MRL43QKPDlK9cGvNp6NZWZUBlbGXYxxng==

make-error@^1.1.1:
  version "1.3.5"
  resolved "https://registry.yarnpkg.com/make-error/-/make-error-1.3.5.tgz#efe4e81f6db28cadd605c70f29c831b58ef776c8"
  integrity sha512-c3sIjNUow0+8swNwVpqoH4YCShKNFkMaw6oH1mNS2haDZQqkeZFlHS3dhoeEbKKmJB4vXpJucU6oH75aDYeE9g==

merge2@^1.3.0:
  version "1.3.0"
  resolved "https://registry.yarnpkg.com/merge2/-/merge2-1.3.0.tgz#5b366ee83b2f1582c48f87e47cf1a9352103ca81"
  integrity sha512-2j4DAdlBOkiSZIsaXk4mTE3sRS02yBHAtfy127xRV3bQUFqXkjHCHLW6Scv7DwNRbIWNHH8zpnz9zMaKXIdvYw==

micromatch@^4.0.4:
  version "4.0.5"
  resolved "https://registry.yarnpkg.com/micromatch/-/micromatch-4.0.5.tgz#bc8999a7cbbf77cdc89f132f6e467051b49090c6"
  integrity sha512-DMy+ERcEW2q8Z2Po+WNXuw3c5YaUSFjAO5GsJqfEl7UjvtIuFKO6ZrKvcItdy98dwFI2N1tg3zNIdKaQT+aNdA==
  dependencies:
    braces "^3.0.2"
    picomatch "^2.3.1"

opentype.js@^1.3.4:
  version "1.3.4"
  resolved "https://registry.yarnpkg.com/opentype.js/-/opentype.js-1.3.4.tgz#1c0e72e46288473cc4a4c6a2dc60fd7fe6020d77"
  integrity sha512-d2JE9RP/6uagpQAVtJoF0pJJA/fgai89Cc50Yp0EJHk+eLp6QQ7gBoblsnubRULNY132I0J1QKMJ+JTbMqz4sw==
  dependencies:
    string.prototype.codepointat "^0.2.1"
    tiny-inflate "^1.0.3"

picomatch@^2.3.1:
  version "2.3.1"
  resolved "https://registry.yarnpkg.com/picomatch/-/picomatch-2.3.1.tgz#3ba3833733646d9d3e4995946c1365a67fb07a42"
  integrity sha512-JU3teHTNjmE2VCGFzuY8EXzCDVwEqB2a8fsIvwaStHhAWJEeVd1o1QD80CU6+ZdEXXSLbSsuLwJjkCBWqRQUVA==

reusify@^1.0.0:
  version "1.0.4"
  resolved "https://registry.yarnpkg.com/reusify/-/reusify-1.0.4.tgz#90da382b1e126efc02146e90845a88db12925d76"
  integrity sha512-U9nH88a3fc/ekCF1l0/UP1IosiuIjyTh7hBvXVMHYgVcfGvt897Xguj2UOLDeI5BG2m7/uwyaLVT6fbtCwTyzw==

run-parallel@^1.1.9:
  version "1.1.9"
  resolved "https://registry.yarnpkg.com/run-parallel/-/run-parallel-1.1.9.tgz#c9dd3a7cf9f4b2c4b6244e173a6ed866e61dd679"
  integrity sha512-DEqnSRTDw/Tc3FXf49zedI638Z9onwUotBMiUFKmrO2sdFKIbXamXGQ3Axd4qgphxKB4kw/qP1w5kTxnfU1B9Q==

string.prototype.codepointat@^0.2.1:
  version "0.2.1"
  resolved "https://registry.yarnpkg.com/string.prototype.codepointat/-/string.prototype.codepointat-0.2.1.tgz#004ad44c8afc727527b108cd462b4d971cd469bc"
  integrity sha512-2cBVCj6I4IOvEnjgO/hWqXjqBGsY+zwPmHl12Srk9IXSZ56Jwwmy+66XO5Iut/oQVR7t5ihYdLB0GMa4alEUcg==

tiny-inflate@^1.0.3:
  version "1.0.3"
  resolved "https://registry.yarnpkg.com/tiny-inflate/-/tiny-inflate-1.0.3.tgz#122715494913a1805166aaf7c93467933eea26c4"
  integrity sha512-pkY1fj1cKHb2seWDy0B16HeWyczlJA9/WW3u3c4z/NiWDsO3DOU5D7nhTLE9CF0yXv/QZFY7sEJmj24dK+Rrqw==

to-regex-range@^5.0.1:
  version "5.0.1"
  resolved "https://registry.yarnpkg.com/to-regex-range/-/to-regex-range-5.0.1.tgz#1648c44aae7c8d988a326018ed72f5b4dd0392e4"
  integrity sha512-65P7iz6X5yEr1cwcgvQxbbIw7Uk3gOy5dIdtZ4rDveLqhrdJP+Li/Hx6tyK0NEb+2GCyneCMJiGqrADCSNk8sQ==
  dependencies:
    is-number "^7.0.0"

ts-node@^10.9.1:
  version "10.9.1"
  resolved "https://registry.yarnpkg.com/ts-node/-/ts-node-10.9.1.tgz#e73de9102958af9e1f0b168a6ff320e25adcff4b"
  integrity sha512-NtVysVPkxxrwFGUUxGYhfux8k78pQB3JqYBXlLRZgdGUqTO5wU/UyHop5p70iEbGhB7q5KmiZiU0Y3KlJrScEw==
  dependencies:
    "@cspotcode/source-map-support" "^0.8.0"
    "@tsconfig/node10" "^1.0.7"
    "@tsconfig/node12" "^1.0.7"
    "@tsconfig/node14" "^1.0.0"
    "@tsconfig/node16" "^1.0.2"
    acorn "^8.4.1"
    acorn-walk "^8.1.1"
    arg "^4.1.0"
    create-require "^1.1.0"
    diff "^4.0.1"
    make-error "^1.1.1"
    v8-compile-cache-lib "^3.0.1"
    yn "3.1.1"

tslib@^2.6.1:
  version "2.6.1"
  resolved "https://registry.yarnpkg.com/tslib/-/tslib-2.6.1.tgz#fd8c9a0ff42590b25703c0acb3de3d3f4ede0410"
  integrity sha512-t0hLfiEKfMUoqhG+U1oid7Pva4bbDPHYfJNiB7BiIjRkj1pyC++4N3huJfqY6aRH6VTB0rvtzQwjM4K6qpfOig==

typescript@^5.1.6:
  version "5.1.6"
  resolved "https://registry.yarnpkg.com/typescript/-/typescript-5.1.6.tgz#02f8ac202b6dad2c0dd5e0913745b47a37998274"
  integrity sha512-zaWCozRZ6DLEWAWFrVDz1H6FVXzUSfTy5FUMWsQlU8Ym5JP9eO4xkTIROFCQvhQf61z6O/G6ugw3SgAnvvm+HA==

v8-compile-cache-lib@^3.0.1:
  version "3.0.1"
  resolved "https://registry.yarnpkg.com/v8-compile-cache-lib/-/v8-compile-cache-lib-3.0.1.tgz#6336e8d71965cb3d35a1bbb7868445a7c05264bf"
  integrity sha512-wa7YjyUGfNZngI/vtK0UHAN+lgDCxBPCylVXGp0zu59Fz5aiGtNXaq3DhIov063MorB+VfufLh3JlF2KdTK3xg==

yn@3.1.1:
  version "3.1.1"
  resolved "https://registry.yarnpkg.com/yn/-/yn-3.1.1.tgz#1e87401a09d767c1d5eab26a6e4c185182d2eb50"
  integrity sha512-Ux4ygGWsu2c7isFWe8Yu1YluJmqVhxqK2cLXNQA5AcC3QfbGNpM7fu0Y8b/z16pXLnFxZYvWhd3fhBY9DLmC6Q==
